// !$*UTF8*$!
{
	archiveVersion = 1;
	classes = {
	};
	objectVersion = 46;
	objects = {

/* Begin PBXBuildFile section */
		8F5238101E50F5FD00190F80 /* AppDelegate.swift in Sources */ = {isa = PBXBuildFile; fileRef = 8F52380F1E50F5FD00190F80 /* AppDelegate.swift */; };
		8F5238121E50F5FD00190F80 /* ViewController.swift in Sources */ = {isa = PBXBuildFile; fileRef = 8F5238111E50F5FD00190F80 /* ViewController.swift */; };
		8F5238151E50F5FD00190F80 /* Main.storyboard in Resources */ = {isa = PBXBuildFile; fileRef = 8F5238131E50F5FD00190F80 /* Main.storyboard */; };
		8F5238171E50F5FD00190F80 /* Assets.xcassets in Resources */ = {isa = PBXBuildFile; fileRef = 8F5238161E50F5FD00190F80 /* Assets.xcassets */; };
		8F52381A1E50F5FD00190F80 /* LaunchScreen.storyboard in Resources */ = {isa = PBXBuildFile; fileRef = 8F5238181E50F5FD00190F80 /* LaunchScreen.storyboard */; };
/* End PBXBuildFile section */

/* Begin PBXFileReference section */
		8F52380C1E50F5FD00190F80 /* XcodeTour.app */ = {isa = PBXFileReference; explicitFileType = wrapper.application; includeInIndex = 0; path = XcodeTour.app; sourceTree = BUILT_PRODUCTS_DIR; };
		8F52380F1E50F5FD00190F80 /* AppDelegate.swift */ = {isa = PBXFileReference; lastKnownFileType = sourcecode.swift; path = AppDelegate.swift; sourceTree = "<group>"; };
		8F5238111E50F5FD00190F80 /* ViewController.swift */ = {isa = PBXFileReference; lastKnownFileType = sourcecode.swift; path = ViewController.swift; sourceTree = "<group>"; };
		8F5238141E50F5FD00190F80 /* Base */ = {isa = PBXFileReference; lastKnownFileType = file.storyboard; name = Base; path = Base.lproj/Main.storyboard; sourceTree = "<group>"; };
		8F5238161E50F5FD00190F80 /* Assets.xcassets */ = {isa = PBXFileReference; lastKnownFileType = folder.assetcatalog; path = Assets.xcassets; sourceTree = "<group>"; };
		8F5238191E50F5FD00190F80 /* Base */ = {isa = PBXFileReference; lastKnownFileType = file.storyboard; name = Base; path = Base.lproj/LaunchScreen.storyboard; sourceTree = "<group>"; };
		8F52381B1E50F5FD00190F80 /* Info.plist */ = {isa = PBXFileReference; lastKnownFileType = text.plist.xml; path = Info.plist; sourceTree = "<group>"; };
/* End PBXFileReference section */

/* Begin PBXFrameworksBuildPhase section */
		8F5238091E50F5FC00190F80 /* Frameworks */ = {
			isa = PBXFrameworksBuildPhase;
			buildActionMask = 2147483647;
			files = (
			);
			runOnlyForDeploymentPostprocessing = 0;
		};
/* End PBXFrameworksBuildPhase section */

/* Begin PBXGroup section */
		8F5238031E50F5FC00190F80 = {
			isa = PBXGroup;
			children = (
				8F52380E1E50F5FD00190F80 /* XcodeTour */,
				8F52380D1E50F5FD00190F80 /* Products */,
			);
			sourceTree = "<group>";
		};
		8F52380D1E50F5FD00190F80 /* Products */ = {
			isa = PBXGroup;
			children = (
				8F52380C1E50F5FD00190F80 /* XcodeTour.app */,
			);
			name = Products;
			sourceTree = "<group>";
		};
		8F52380E1E50F5FD00190F80 /* XcodeTour */ = {
			isa = PBXGroup;
			children = (
				8F52380F1E50F5FD00190F80 /* AppDelegate.swift */,
				8F5238111E50F5FD00190F80 /* ViewController.swift */,
				8F5238131E50F5FD00190F80 /* Main.storyboard */,
				8F5238161E50F5FD00190F80 /* Assets.xcassets */,
				8F5238181E50F5FD00190F80 /* LaunchScreen.storyboard */,
				8F52381B1E50F5FD00190F80 /* Info.plist */,
			);
			path = XcodeTour;
			sourceTree = "<group>";
		};
/* End PBXGroup section */

/* Begin PBXNativeTarget section */
		8F52380B1E50F5FC00190F80 /* XcodeTour */ = {
			isa = PBXNativeTarget;
			buildConfigurationList = 8F52381E1E50F5FD00190F80 /* Build configuration list for PBXNativeTarget "XcodeTour" */;
			buildPhases = (
				8F5238081E50F5FC00190F80 /* Sources */,
				8F5238091E50F5FC00190F80 /* Frameworks */,
				8F52380A1E50F5FC00190F80 /* Resources */,
			);
			buildRules = (
			);
			dependencies = (
			);
			name = XcodeTour;
			productName = XcodeTour;
			productReference = 8F52380C1E50F5FD00190F80 /* XcodeTour.app */;
			productType = "com.apple.product-type.application";
		};
/* End PBXNativeTarget section */

/* Begin PBXProject section */
		8F5238041E50F5FC00190F80 /* Project object */ = {
			isa = PBXProject;
			attributes = {
				LastSwiftUpdateCheck = 0820;
				LastUpgradeCheck = 0820;
				ORGANIZATIONNAME = "Anirudh Nagulapalli";
				TargetAttributes = {
					8F52380B1E50F5FC00190F80 = {
						CreatedOnToolsVersion = 8.2.1;
						DevelopmentTeam = CBB597XG3Y;
						ProvisioningStyle = Automatic;
					};
				};
			};
			buildConfigurationList = 8F5238071E50F5FC00190F80 /* Build configuration list for PBXProject "XcodeTour" */;
			compatibilityVersion = "Xcode 3.2";
			developmentRegion = English;
			hasScannedForEncodings = 0;
			knownRegions = (
				en,
				Base,
			);
			mainGroup = 8F5238031E50F5FC00190F80;
			productRefGroup = 8F52380D1E50F5FD00190F80 /* Products */;
			projectDirPath = "";
			projectRoot = "";
			targets = (
				8F52380B1E50F5FC00190F80 /* XcodeTour */,
			);
		};
/* End PBXProject section */

/* Begin PBXResourcesBuildPhase section */
		8F52380A1E50F5FC00190F80 /* Resources */ = {
			isa = PBXResourcesBuildPhase;
			buildActionMask = 2147483647;
			files = (
				8F52381A1E50F5FD00190F80 /* LaunchScreen.storyboard in Resources */,
				8F5238171E50F5FD00190F80 /* Assets.xcassets in Resources */,
				8F5238151E50F5FD00190F80 /* Main.storyboard in Resources */,
			);
			runOnlyForDeploymentPostprocessing = 0;
		};
/* End PBXResourcesBuildPhase section */

/* Begin PBXSourcesBuildPhase section */
		8F5238081E50F5FC00190F80 /* Sources */ = {
			isa = PBXSourcesBuildPhase;
			buildActionMask = 2147483647;
			files = (
				8F5238121E50F5FD00190F80 /* ViewController.swift in Sources */,
				8F5238101E50F5FD00190F80 /* AppDelegate.swift in Sources */,
			);
			runOnlyForDeploymentPostprocessing = 0;
		};
/* End PBXSourcesBuildPhase section */

/* Begin PBXVariantGroup section */
		8F5238131E50F5FD00190F80 /* Main.storyboard */ = {
			isa = PBXVariantGroup;
			children = (
				8F5238141E50F5FD00190F80 /* Base */,
			);
			name = Main.storyboard;
			sourceTree = "<group>";
		};
		8F5238181E50F5FD00190F80 /* LaunchScreen.storyboard */ = {
			isa = PBXVariantGroup;
			children = (
				8F5238191E50F5FD00190F80 /* Base */,
			);
			name = LaunchScreen.storyboard;
			sourceTree = "<group>";
		};
/* End PBXVariantGroup section */

/* Begin XCBuildConfiguration section */
		8F52381C1E50F5FD00190F80 /* Debug */ = {
			isa = XCBuildConfiguration;
			buildSettings = {
				ALWAYS_SEARCH_USER_PATHS = NO;
				CLANG_ANALYZER_NONNULL = YES;
				CLANG_CXX_LANGUAGE_STANDARD = "gnu++0x";
				CLANG_CXX_LIBRARY = "libc++";
				CLANG_ENABLE_MODULES = YES;
				CLANG_ENABLE_OBJC_ARC = YES;
				CLANG_WARN_BOOL_CONVERSION = YES;
				CLANG_WARN_CONSTANT_CONVERSION = YES;
				CLANG_WARN_DIRECT_OBJC_ISA_USAGE = YES_ERROR;
				CLANG_WARN_DOCUMENTATION_COMMENTS = YES;
				CLANG_WARN_EMPTY_BODY = YES;
				CLANG_WARN_ENUM_CONVERSION = YES;
				CLANG_WARN_INFINITE_RECURSION = YES;
				CLANG_WARN_INT_CONVERSION = YES;
				CLANG_WARN_OBJC_ROOT_CLASS = YES_ERROR;
				CLANG_WARN_SUSPICIOUS_MOVE = YES;
				CLANG_WARN_UNREACHABLE_CODE = YES;
				CLANG_WARN__DUPLICATE_METHOD_MATCH = YES;
				"CODE_SIGN_IDENTITY[sdk=iphoneos*]" = "iPhone Developer";
				COPY_PHASE_STRIP = NO;
				DEBUG_INFORMATION_FORMAT = dwarf;
				ENABLE_STRICT_OBJC_MSGSEND = YES;
				ENABLE_TESTABILITY = YES;
				GCC_C_LANGUAGE_STANDARD = gnu99;
				GCC_DYNAMIC_NO_PIC = NO;
				GCC_NO_COMMON_BLOCKS = YES;
				GCC_OPTIMIZATION_LEVEL = 0;
				GCC_PREPROCESSOR_DEFINITIONS = (
					"DEBUG=1",
					"$(inherited)",
				);
				GCC_WARN_64_TO_32_BIT_CONVERSION = YES;
				GCC_WARN_ABOUT_RETURN_TYPE = YES_ERROR;
				GCC_WARN_UNDECLARED_SELECTOR = YES;
				GCC_WARN_UNINITIALIZED_AUTOS = YES_AGGRESSIVE;
				GCC_WARN_UNUSED_FUNCTION = YES;
				GCC_WARN_UNUSED_VARIABLE = YES;
				IPHONEOS_DEPLOYMENT_TARGET = 10.2;
				MTL_ENABLE_DEBUG_INFO = YES;
				ONLY_ACTIVE_ARCH = YES;
				SDKROOT = iphoneos;
				SWIFT_ACTIVE_COMPILATION_CONDITIONS = DEBUG;
				SWIFT_OPTIMIZATION_LEVEL = "-Onone";
			};
			name = Debug;
		};
		8F52381D1E50F5FD00190F80 /* Release */ = {
			isa = XCBuildConfiguration;
			buildSettings = {
				ALWAYS_SEARCH_USER_PATHS = NO;
				CLANG_ANALYZER_NONNULL = YES;
				CLANG_CXX_LANGUAGE_STANDARD = "gnu++0x";
				CLANG_CXX_LIBRARY = "libc++";
				CLANG_ENABLE_MODULES = YES;
				CLANG_ENABLE_OBJC_ARC = YES;
				CLANG_WARN_BOOL_CONVERSION = YES;
				CLANG_WARN_CONSTANT_CONVERSION = YES;
				CLANG_WARN_DIRECT_OBJC_ISA_USAGE = YES_ERROR;
				CLANG_WARN_DOCUMENTATION_COMMENTS = YES;
				CLANG_WARN_EMPTY_BODY = YES;
				CLANG_WARN_ENUM_CONVERSION = YES;
				CLANG_WARN_INFINITE_RECURSION = YES;
				CLANG_WARN_INT_CONVERSION = YES;
				CLANG_WARN_OBJC_ROOT_CLASS = YES_ERROR;
				CLANG_WARN_SUSPICIOUS_MOVE = YES;
				CLANG_WARN_UNREACHABLE_CODE = YES;
				CLANG_WARN__DUPLICATE_METHOD_MATCH = YES;
				"CODE_SIGN_IDENTITY[sdk=iphoneos*]" = "iPhone Developer";
				COPY_PHASE_STRIP = NO;
				DEBUG_INFORMATION_FORMAT = "dwarf-with-dsym";
				ENABLE_NS_ASSERTIONS = NO;
				ENABLE_STRICT_OBJC_MSGSEND = YES;
				GCC_C_LANGUAGE_STANDARD = gnu99;
				GCC_NO_COMMON_BLOCKS = YES;
				GCC_WARN_64_TO_32_BIT_CONVERSION = YES;
				GCC_WARN_ABOUT_RETURN_TYPE = YES_ERROR;
				GCC_WARN_UNDECLARED_SELECTOR = YES;
				GCC_WARN_UNINITIALIZED_AUTOS = YES_AGGRESSIVE;
				GCC_WARN_UNUSED_FUNCTION = YES;
				GCC_WARN_UNUSED_VARIABLE = YES;
				IPHONEOS_DEPLOYMENT_TARGET = 10.2;
				MTL_ENABLE_DEBUG_INFO = NO;
				SDKROOT = iphoneos;
				SWIFT_OPTIMIZATION_LEVEL = "-Owholemodule";
				VALIDATE_PRODUCT = YES;
			};
			name = Release;
		};
		8F52381F1E50F5FD00190F80 /* Debug */ = {
			isa = XCBuildConfiguration;
			buildSettings = {
				ASSETCATALOG_COMPILER_APPICON_NAME = AppIcon;
				DEVELOPMENT_TEAM = CBB597XG3Y;
				INFOPLIST_FILE = XcodeTour/Info.plist;
				LD_RUNPATH_SEARCH_PATHS = "$(inherited) @executable_path/Frameworks";
				PRODUCT_BUNDLE_IDENTIFIER = com.AnirudhNagulapalli.XcodeTour;
				PRODUCT_NAME = "$(TARGET_NAME)";
				SWIFT_VERSION = 3.0;
			};
			name = Debug;
		};
		8F5238201E50F5FD00190F80 /* Release */ = {
			isa = XCBuildConfiguration;
			buildSettings = {
				ASSETCATALOG_COMPILER_APPICON_NAME = AppIcon;
				DEVELOPMENT_TEAM = CBB597XG3Y;
				INFOPLIST_FILE = XcodeTour/Info.plist;
				LD_RUNPATH_SEARCH_PATHS = "$(inherited) @executable_path/Frameworks";
				PRODUCT_BUNDLE_IDENTIFIER = com.AnirudhNagulapalli.XcodeTour;
				PRODUCT_NAME = "$(TARGET_NAME)";
				SWIFT_VERSION = 3.0;
			};
			name = Release;
		};
/* End XCBuildConfiguration section */

/* Begin XCConfigurationList section */
		8F5238071E50F5FC00190F80 /* Build configuration list for PBXProject "XcodeTour" */ = {
			isa = XCConfigurationList;
			buildConfigurations = (
				8F52381C1E50F5FD00190F80 /* Debug */,
				8F52381D1E50F5FD00190F80 /* Release */,
			);
			defaultConfigurationIsVisible = 0;
			defaultConfigurationName = Release;
		};
		8F52381E1E50F5FD00190F80 /* Build configuration list for PBXNativeTarget "XcodeTour" */ = {
			isa = XCConfigurationList;
			buildConfigurations = (
				8F52381F1E50F5FD00190F80 /* Debug */,
				8F5238201E50F5FD00190F80 /* Release */,
			);
			defaultConfigurationIsVisible = 0;
		};
/* End XCConfigurationList section */
	};
	rootObject = 8F5238041E50F5FC00190F80 /* Project object */;
}
